// !$*UTF8*$!
{
	archiveVersion = 1;
	classes = {
	};
	objectVersion = 46;
	objects = {

/* Begin PBXBuildFile section */
		74376C971AC9785E00062679 /* OpenWebRTC.framework in Frameworks */ = {isa = PBXBuildFile; fileRef = 74376C961AC9785E00062679 /* OpenWebRTC.framework */; };
		7475401A19ECD79200CFC578 /* main.m in Sources */ = {isa = PBXBuildFile; fileRef = 7475401919ECD79200CFC578 /* main.m */; };
		7475401D19ECD79200CFC578 /* AppDelegate.m in Sources */ = {isa = PBXBuildFile; fileRef = 7475401C19ECD79200CFC578 /* AppDelegate.m */; };
		7475401F19ECD79200CFC578 /* Images.xcassets in Resources */ = {isa = PBXBuildFile; fileRef = 7475401E19ECD79200CFC578 /* Images.xcassets */; };
		7475402219ECD79200CFC578 /* MainMenu.xib in Resources */ = {isa = PBXBuildFile; fileRef = 7475402019ECD79200CFC578 /* MainMenu.xib */; };
/* End PBXBuildFile section */

/* Begin PBXFileReference section */
		74376C961AC9785E00062679 /* OpenWebRTC.framework */ = {isa = PBXFileReference; lastKnownFileType = wrapper.framework; name = OpenWebRTC.framework; path = ../../../../../../../../../../Library/Frameworks/OpenWebRTC.framework; sourceTree = BUILT_PRODUCTS_DIR; };
		7475401419ECD79200CFC578 /* Camera Test.app */ = {isa = PBXFileReference; explicitFileType = wrapper.application; includeInIndex = 0; path = "Camera Test.app"; sourceTree = BUILT_PRODUCTS_DIR; };
		7475401819ECD79200CFC578 /* Info.plist */ = {isa = PBXFileReference; lastKnownFileType = text.plist.xml; path = Info.plist; sourceTree = "<group>"; };
		7475401919ECD79200CFC578 /* main.m */ = {isa = PBXFileReference; lastKnownFileType = sourcecode.c.objc; path = main.m; sourceTree = "<group>"; };
		7475401B19ECD79200CFC578 /* AppDelegate.h */ = {isa = PBXFileReference; lastKnownFileType = sourcecode.c.h; path = AppDelegate.h; sourceTree = "<group>"; };
		7475401C19ECD79200CFC578 /* AppDelegate.m */ = {isa = PBXFileReference; lastKnownFileType = sourcecode.c.objc; path = AppDelegate.m; sourceTree = "<group>"; };
		7475401E19ECD79200CFC578 /* Images.xcassets */ = {isa = PBXFileReference; lastKnownFileType = folder.assetcatalog; path = Images.xcassets; sourceTree = "<group>"; };
		7475402119ECD79200CFC578 /* Base */ = {isa = PBXFileReference; lastKnownFileType = file.xib; name = Base; path = Base.lproj/MainMenu.xib; sourceTree = "<group>"; };
/* End PBXFileReference section */

/* Begin PBXFrameworksBuildPhase section */
		7475401119ECD79200CFC578 /* Frameworks */ = {
			isa = PBXFrameworksBuildPhase;
			buildActionMask = 2147483647;
			files = (
				74376C971AC9785E00062679 /* OpenWebRTC.framework in Frameworks */,
			);
			runOnlyForDeploymentPostprocessing = 0;
		};
/* End PBXFrameworksBuildPhase section */

/* Begin PBXGroup section */
		7475400B19ECD79200CFC578 = {
			isa = PBXGroup;
			children = (
				7475401619ECD79200CFC578 /* Camera Test */,
				7475403719ECD81C00CFC578 /* Frameworks */,
				7475401519ECD79200CFC578 /* Products */,
			);
			sourceTree = "<group>";
		};
		7475401519ECD79200CFC578 /* Products */ = {
			isa = PBXGroup;
			children = (
				7475401419ECD79200CFC578 /* Camera Test.app */,
			);
			name = Products;
			sourceTree = "<group>";
		};
		7475401619ECD79200CFC578 /* Camera Test */ = {
			isa = PBXGroup;
			children = (
				7475401B19ECD79200CFC578 /* AppDelegate.h */,
				7475401C19ECD79200CFC578 /* AppDelegate.m */,
				7475401E19ECD79200CFC578 /* Images.xcassets */,
				7475402019ECD79200CFC578 /* MainMenu.xib */,
				7475401719ECD79200CFC578 /* Supporting Files */,
			);
			path = "Camera Test";
			sourceTree = "<group>";
		};
		7475401719ECD79200CFC578 /* Supporting Files */ = {
			isa = PBXGroup;
			children = (
				7475401819ECD79200CFC578 /* Info.plist */,
				7475401919ECD79200CFC578 /* main.m */,
			);
			name = "Supporting Files";
			sourceTree = "<group>";
		};
		7475403719ECD81C00CFC578 /* Frameworks */ = {
			isa = PBXGroup;
			children = (
				74376C961AC9785E00062679 /* OpenWebRTC.framework */,
			);
			name = Frameworks;
			sourceTree = "<group>";
		};
/* End PBXGroup section */

/* Begin PBXNativeTarget section */
		7475401319ECD79200CFC578 /* Camera Test */ = {
			isa = PBXNativeTarget;
			buildConfigurationList = 7475403119ECD79200CFC578 /* Build configuration list for PBXNativeTarget "Camera Test" */;
			buildPhases = (
				7475401019ECD79200CFC578 /* Sources */,
				7475401119ECD79200CFC578 /* Frameworks */,
				7475401219ECD79200CFC578 /* Resources */,
			);
			buildRules = (
			);
			dependencies = (
			);
			name = "Camera Test";
			productName = "Camera Test";
			productReference = 7475401419ECD79200CFC578 /* Camera Test.app */;
			productType = "com.apple.product-type.application";
		};
/* End PBXNativeTarget section */

/* Begin PBXProject section */
		7475400C19ECD79200CFC578 /* Project object */ = {
			isa = PBXProject;
			attributes = {
				LastUpgradeCheck = 0600;
				ORGANIZATIONNAME = "Ericsson Research";
				TargetAttributes = {
					7475401319ECD79200CFC578 = {
						CreatedOnToolsVersion = 6.0.1;
					};
				};
			};
			buildConfigurationList = 7475400F19ECD79200CFC578 /* Build configuration list for PBXProject "Camera Test" */;
			compatibilityVersion = "Xcode 3.2";
			developmentRegion = English;
			hasScannedForEncodings = 0;
			knownRegions = (
				en,
				Base,
			);
			mainGroup = 7475400B19ECD79200CFC578;
			productRefGroup = 7475401519ECD79200CFC578 /* Products */;
			projectDirPath = "";
			projectRoot = "";
			targets = (
				7475401319ECD79200CFC578 /* Camera Test */,
			);
		};
/* End PBXProject section */

/* Begin PBXResourcesBuildPhase section */
		7475401219ECD79200CFC578 /* Resources */ = {
			isa = PBXResourcesBuildPhase;
			buildActionMask = 2147483647;
			files = (
				7475401F19ECD79200CFC578 /* Images.xcassets in Resources */,
				7475402219ECD79200CFC578 /* MainMenu.xib in Resources */,
			);
			runOnlyForDeploymentPostprocessing = 0;
		};
/* End PBXResourcesBuildPhase section */

/* Begin PBXSourcesBuildPhase section */
		7475401019ECD79200CFC578 /* Sources */ = {
			isa = PBXSourcesBuildPhase;
			buildActionMask = 2147483647;
			files = (
				7475401D19ECD79200CFC578 /* AppDelegate.m in Sources */,
				7475401A19ECD79200CFC578 /* main.m in Sources */,
			);
			runOnlyForDeploymentPostprocessing = 0;
		};
/* End PBXSourcesBuildPhase section */

/* Begin PBXVariantGroup section */
		7475402019ECD79200CFC578 /* MainMenu.xib */ = {
			isa = PBXVariantGroup;
			children = (
				7475402119ECD79200CFC578 /* Base */,
			);
			name = MainMenu.xib;
			sourceTree = "<group>";
		};
/* End PBXVariantGroup section */

/* Begin XCBuildConfiguration section */
		7475402F19ECD79200CFC578 /* Debug */ = {
			isa = XCBuildConfiguration;
			buildSettings = {
				ALWAYS_SEARCH_USER_PATHS = NO;
				CLANG_CXX_LANGUAGE_STANDARD = "gnu++0x";
				CLANG_CXX_LIBRARY = "libc++";
				CLANG_ENABLE_MODULES = YES;
				CLANG_ENABLE_OBJC_ARC = YES;
				CLANG_WARN_BOOL_CONVERSION = YES;
				CLANG_WARN_CONSTANT_CONVERSION = YES;
				CLANG_WARN_DIRECT_OBJC_ISA_USAGE = YES_ERROR;
				CLANG_WARN_EMPTY_BODY = YES;
				CLANG_WARN_ENUM_CONVERSION = YES;
				CLANG_WARN_INT_CONVERSION = YES;
				CLANG_WARN_OBJC_ROOT_CLASS = YES_ERROR;
				CLANG_WARN_UNREACHABLE_CODE = YES;
				CLANG_WARN__DUPLICATE_METHOD_MATCH = YES;
				CODE_SIGN_IDENTITY = "-";
				COPY_PHASE_STRIP = NO;
				ENABLE_STRICT_OBJC_MSGSEND = YES;
				GCC_C_LANGUAGE_STANDARD = gnu99;
				GCC_DYNAMIC_NO_PIC = NO;
				GCC_OPTIMIZATION_LEVEL = 0;
				GCC_PREPROCESSOR_DEFINITIONS = (
					"DEBUG=1",
					"$(inherited)",
				);
				GCC_SYMBOLS_PRIVATE_EXTERN = NO;
				GCC_WARN_64_TO_32_BIT_CONVERSION = YES;
				GCC_WARN_ABOUT_RETURN_TYPE = YES_ERROR;
				GCC_WARN_UNDECLARED_SELECTOR = YES;
				GCC_WARN_UNINITIALIZED_AUTOS = YES_AGGRESSIVE;
				GCC_WARN_UNUSED_FUNCTION = YES;
				GCC_WARN_UNUSED_VARIABLE = YES;
				MACOSX_DEPLOYMENT_TARGET = 10.10;
				MTL_ENABLE_DEBUG_INFO = YES;
				ONLY_ACTIVE_ARCH = YES;
				SDKROOT = macosx;
			};
			name = Debug;
		};
		7475403019ECD79200CFC578 /* Release */ = {
			isa = XCBuildConfiguration;
			buildSettings = {
				ALWAYS_SEARCH_USER_PATHS = NO;
				CLANG_CXX_LANGUAGE_STANDARD = "gnu++0x";
				CLANG_CXX_LIBRARY = "libc++";
				CLANG_ENABLE_MODULES = YES;
				CLANG_ENABLE_OBJC_ARC = YES;
				CLANG_WARN_BOOL_CONVERSION = YES;
				CLANG_WARN_CONSTANT_CONVERSION = YES;
				CLANG_WARN_DIRECT_OBJC_ISA_USAGE = YES_ERROR;
				CLANG_WARN_EMPTY_BODY = YES;
				CLANG_WARN_ENUM_CONVERSION = YES;
				CLANG_WARN_INT_CONVERSION = YES;
				CLANG_WARN_OBJC_ROOT_CLASS = YES_ERROR;
				CLANG_WARN_UNREACHABLE_CODE = YES;
				CLANG_WARN__DUPLICATE_METHOD_MATCH = YES;
				CODE_SIGN_IDENTITY = "-";
				COPY_PHASE_STRIP = YES;
				DEBUG_INFORMATION_FORMAT = "dwarf-with-dsym";
				ENABLE_NS_ASSERTIONS = NO;
				ENABLE_STRICT_OBJC_MSGSEND = YES;
				GCC_C_LANGUAGE_STANDARD = gnu99;
				GCC_WARN_64_TO_32_BIT_CONVERSION = YES;
				GCC_WARN_ABOUT_RETURN_TYPE = YES_ERROR;
				GCC_WARN_UNDECLARED_SELECTOR = YES;
				GCC_WARN_UNINITIALIZED_AUTOS = YES_AGGRESSIVE;
				GCC_WARN_UNUSED_FUNCTION = YES;
				GCC_WARN_UNUSED_VARIABLE = YES;
				MACOSX_DEPLOYMENT_TARGET = 10.10;
				MTL_ENABLE_DEBUG_INFO = NO;
				SDKROOT = macosx;
			};
			name = Release;
		};
		7475403219ECD79200CFC578 /* Debug */ = {
			isa = XCBuildConfiguration;
			buildSettings = {
				ASSETCATALOG_COMPILER_APPICON_NAME = AppIcon;
				COMBINE_HIDPI_IMAGES = YES;
				FRAMEWORK_SEARCH_PATHS = (
					"$(inherited)",
					"$(LOCAL_LIBRARY_DIR)/Frameworks",
				);
				HEADER_SEARCH_PATHS = (
					"$(inherited)",
					/Applications/Xcode.app/Contents/Developer/Toolchains/XcodeDefault.xctoolchain/usr/include,
					"/Library/Frameworks/OpenWebRTC.framework/Headers/**",
				);
				INFOPLIST_FILE = "Camera Test/Info.plist";
				LD_RUNPATH_SEARCH_PATHS = "$(inherited) @executable_path/../Frameworks";
				LIBRARY_SEARCH_PATHS = "$(inherited)";
				PRODUCT_NAME = "$(TARGET_NAME)";
			};
			name = Debug;
		};
		7475403319ECD79200CFC578 /* Release */ = {
			isa = XCBuildConfiguration;
			buildSettings = {
				ASSETCATALOG_COMPILER_APPICON_NAME = AppIcon;
				COMBINE_HIDPI_IMAGES = YES;
				FRAMEWORK_SEARCH_PATHS = (
					"$(inherited)",
					"$(LOCAL_LIBRARY_DIR)/Frameworks",
				);
				HEADER_SEARCH_PATHS = (
					"$(inherited)",
					/Applications/Xcode.app/Contents/Developer/Toolchains/XcodeDefault.xctoolchain/usr/include,
					"/Library/Frameworks/OpenWebRTC.framework/Headers/**",
				);
				INFOPLIST_FILE = "Camera Test/Info.plist";
				LD_RUNPATH_SEARCH_PATHS = "$(inherited) @executable_path/../Frameworks";
				LIBRARY_SEARCH_PATHS = "$(inherited)";
				PRODUCT_NAME = "$(TARGET_NAME)";
			};
			name = Release;
		};
/* End XCBuildConfiguration section */

/* Begin XCConfigurationList section */
		7475400F19ECD79200CFC578 /* Build configuration list for PBXProject "Camera Test" */ = {
			isa = XCConfigurationList;
			buildConfigurations = (
				7475402F19ECD79200CFC578 /* Debug */,
				7475403019ECD79200CFC578 /* Release */,
			);
			defaultConfigurationIsVisible = 0;
			defaultConfigurationName = Release;
		};
		7475403119ECD79200CFC578 /* Build configuration list for PBXNativeTarget "Camera Test" */ = {
			isa = XCConfigurationList;
			buildConfigurations = (
				7475403219ECD79200CFC578 /* Debug */,
				7475403319ECD79200CFC578 /* Release */,
			);
			defaultConfigurationIsVisible = 0;
			defaultConfigurationName = Release;
		};
/* End XCConfigurationList section */
	};
	rootObject = 7475400C19ECD79200CFC578 /* Project object */;
}
