PODS:
  - OpenWebRTC (0.1)
  - OpenWebRTC-SDK (0.1.1)

DEPENDENCIES:
  - OpenWebRTC (~> 0.1)
  - OpenWebRTC-SDK (from `../../../openwebrtc-ios-sdk/OpenWebRTC-SDK.podspec`)

EXTERNAL SOURCES:
  OpenWebRTC-SDK:
    :path: ../../../openwebrtc-ios-sdk/OpenWebRTC-SDK.podspec

SPEC CHECKSUMS:
  OpenWebRTC: f28c11884cf8e425b3986eb3f04b7b510d55042b
  OpenWebRTC-SDK: f524ed0744eaafd929f787d46e73db0c13010a8a

COCOAPODS: 0.36.0
