// !$*UTF8*$!
{
	archiveVersion = 1;
	classes = {
	};
	objectVersion = 46;
	objects = {

/* Begin PBXBuildFile section */
		BB5BE517CFB1888352F71A2E /* libPods-NativeDemo.a in Frameworks */ = {isa = PBXBuildFile; fileRef = 03DEC75C0F284C35831C02F1 /* libPods-NativeDemo.a */; };
		F8CE35981A8F502B0022C4BC /* OpenWebRTCNativeHandler.m in Sources */ = {isa = PBXBuildFile; fileRef = F8CE35971A8F502B0022C4BC /* OpenWebRTCNativeHandler.m */; };
		F8CE359A1A8F64250022C4BC /* OpenWebRTC.framework in Frameworks */ = {isa = PBXBuildFile; fileRef = F8CE35991A8F64250022C4BC /* OpenWebRTC.framework */; };
		F8D10DD41A8B8585000BCA7E /* main.m in Sources */ = {isa = PBXBuildFile; fileRef = F8D10DD31A8B8585000BCA7E /* main.m */; };
		F8D10DD71A8B8585000BCA7E /* NativeDemoAppDelegate.m in Sources */ = {isa = PBXBuildFile; fileRef = F8D10DD61A8B8585000BCA7E /* NativeDemoAppDelegate.m */; };
		F8D10DDA1A8B8585000BCA7E /* NativeDemoViewController.m in Sources */ = {isa = PBXBuildFile; fileRef = F8D10DD91A8B8585000BCA7E /* NativeDemoViewController.m */; };
		F8D10DDD1A8B8585000BCA7E /* Main.storyboard in Resources */ = {isa = PBXBuildFile; fileRef = F8D10DDB1A8B8585000BCA7E /* Main.storyboard */; };
		F8D10DDF1A8B8585000BCA7E /* Images.xcassets in Resources */ = {isa = PBXBuildFile; fileRef = F8D10DDE1A8B8585000BCA7E /* Images.xcassets */; };
		F8D10DE21A8B8585000BCA7E /* LaunchScreen.xib in Resources */ = {isa = PBXBuildFile; fileRef = F8D10DE01A8B8585000BCA7E /* LaunchScreen.xib */; };
		F8D10DFA1A8B8885000BCA7E /* OpenWebRTCVideoView.m in Sources */ = {isa = PBXBuildFile; fileRef = F8D10DF91A8B8885000BCA7E /* OpenWebRTCVideoView.m */; };
		F8D10E011A8BB21D000BCA7E /* libz.dylib in Frameworks */ = {isa = PBXBuildFile; fileRef = F8D10E001A8BB21D000BCA7E /* libz.dylib */; };
		F8D10E031A8BB225000BCA7E /* libresolv.dylib in Frameworks */ = {isa = PBXBuildFile; fileRef = F8D10E021A8BB225000BCA7E /* libresolv.dylib */; };
		F8D10E051A8BB22F000BCA7E /* libiconv.dylib in Frameworks */ = {isa = PBXBuildFile; fileRef = F8D10E041A8BB22F000BCA7E /* libiconv.dylib */; };
		F8D10E071A8BB23B000BCA7E /* libc++.dylib in Frameworks */ = {isa = PBXBuildFile; fileRef = F8D10E061A8BB23A000BCA7E /* libc++.dylib */; };
		F8D10E091A8BB24F000BCA7E /* GLKit.framework in Frameworks */ = {isa = PBXBuildFile; fileRef = F8D10E081A8BB24F000BCA7E /* GLKit.framework */; };
		F8D10E0B1A8BB257000BCA7E /* CoreMedia.framework in Frameworks */ = {isa = PBXBuildFile; fileRef = F8D10E0A1A8BB257000BCA7E /* CoreMedia.framework */; };
		F8D10E0D1A8BB261000BCA7E /* AssetsLibrary.framework in Frameworks */ = {isa = PBXBuildFile; fileRef = F8D10E0C1A8BB261000BCA7E /* AssetsLibrary.framework */; };
		F8D10E0F1A8BB267000BCA7E /* AudioToolbox.framework in Frameworks */ = {isa = PBXBuildFile; fileRef = F8D10E0E1A8BB267000BCA7E /* AudioToolbox.framework */; };
		F8D10E111A8BB26E000BCA7E /* AVFoundation.framework in Frameworks */ = {isa = PBXBuildFile; fileRef = F8D10E101A8BB26E000BCA7E /* AVFoundation.framework */; };
		F8D10E131A8BB276000BCA7E /* CoreAudio.framework in Frameworks */ = {isa = PBXBuildFile; fileRef = F8D10E121A8BB276000BCA7E /* CoreAudio.framework */; };
		F8D10E151A8BB27E000BCA7E /* CoreGraphics.framework in Frameworks */ = {isa = PBXBuildFile; fileRef = F8D10E141A8BB27E000BCA7E /* CoreGraphics.framework */; };
		F8D10E171A8BB287000BCA7E /* CoreVideo.framework in Frameworks */ = {isa = PBXBuildFile; fileRef = F8D10E161A8BB287000BCA7E /* CoreVideo.framework */; };
		F8D10E191A8BB290000BCA7E /* OpenGLES.framework in Frameworks */ = {isa = PBXBuildFile; fileRef = F8D10E181A8BB290000BCA7E /* OpenGLES.framework */; };
		F8D10E1B1A8BB296000BCA7E /* QuartzCore.framework in Frameworks */ = {isa = PBXBuildFile; fileRef = F8D10E1A1A8BB296000BCA7E /* QuartzCore.framework */; };
		F8D10E1D1A8BB29B000BCA7E /* VideoToolbox.framework in Frameworks */ = {isa = PBXBuildFile; fileRef = F8D10E1C1A8BB29B000BCA7E /* VideoToolbox.framework */; };
		F8D114681A8C92F4000BCA7E /* PeerServerHandler.m in Sources */ = {isa = PBXBuildFile; fileRef = F8D114671A8C92F4000BCA7E /* PeerServerHandler.m */; };
/* End PBXBuildFile section */

/* Begin PBXFileReference section */
		03DEC75C0F284C35831C02F1 /* libPods-NativeDemo.a */ = {isa = PBXFileReference; explicitFileType = archive.ar; includeInIndex = 0; path = "libPods-NativeDemo.a"; sourceTree = BUILT_PRODUCTS_DIR; };
		A2FDE7223506D0C2C58BED66 /* Pods-NativeDemo.debug.xcconfig */ = {isa = PBXFileReference; includeInIndex = 1; lastKnownFileType = text.xcconfig; name = "Pods-NativeDemo.debug.xcconfig"; path = "Pods/Target Support Files/Pods-NativeDemo/Pods-NativeDemo.debug.xcconfig"; sourceTree = "<group>"; };
		F5AF3E7B3485044168CC87D8 /* Pods-NativeDemo.release.xcconfig */ = {isa = PBXFileReference; includeInIndex = 1; lastKnownFileType = text.xcconfig; name = "Pods-NativeDemo.release.xcconfig"; path = "Pods/Target Support Files/Pods-NativeDemo/Pods-NativeDemo.release.xcconfig"; sourceTree = "<group>"; };
		F8CE35961A8F502B0022C4BC /* OpenWebRTCNativeHandler.h */ = {isa = PBXFileReference; fileEncoding = 4; lastKnownFileType = sourcecode.c.h; name = OpenWebRTCNativeHandler.h; path = ../../OwrHelpers/OpenWebRTCNativeHandler.h; sourceTree = "<group>"; };
		F8CE35971A8F502B0022C4BC /* OpenWebRTCNativeHandler.m */ = {isa = PBXFileReference; fileEncoding = 4; lastKnownFileType = sourcecode.c.objc; name = OpenWebRTCNativeHandler.m; path = ../../OwrHelpers/OpenWebRTCNativeHandler.m; sourceTree = "<group>"; };
		F8CE35991A8F64250022C4BC /* OpenWebRTC.framework */ = {isa = PBXFileReference; lastKnownFileType = wrapper.framework; name = OpenWebRTC.framework; path = ../../../../../Library/Developer/OpenWebRTC/iPhone.sdk/OpenWebRTC.framework; sourceTree = "<group>"; };
		F8D10DCE1A8B8585000BCA7E /* NativeDemo.app */ = {isa = PBXFileReference; explicitFileType = wrapper.application; includeInIndex = 0; path = NativeDemo.app; sourceTree = BUILT_PRODUCTS_DIR; };
		F8D10DD21A8B8585000BCA7E /* Info.plist */ = {isa = PBXFileReference; lastKnownFileType = text.plist.xml; path = Info.plist; sourceTree = "<group>"; };
		F8D10DD31A8B8585000BCA7E /* main.m */ = {isa = PBXFileReference; lastKnownFileType = sourcecode.c.objc; path = main.m; sourceTree = "<group>"; };
		F8D10DD51A8B8585000BCA7E /* NativeDemoAppDelegate.h */ = {isa = PBXFileReference; lastKnownFileType = sourcecode.c.h; path = NativeDemoAppDelegate.h; sourceTree = "<group>"; };
		F8D10DD61A8B8585000BCA7E /* NativeDemoAppDelegate.m */ = {isa = PBXFileReference; lastKnownFileType = sourcecode.c.objc; path = NativeDemoAppDelegate.m; sourceTree = "<group>"; };
		F8D10DD81A8B8585000BCA7E /* NativeDemoViewController.h */ = {isa = PBXFileReference; lastKnownFileType = sourcecode.c.h; path = NativeDemoViewController.h; sourceTree = "<group>"; };
		F8D10DD91A8B8585000BCA7E /* NativeDemoViewController.m */ = {isa = PBXFileReference; lastKnownFileType = sourcecode.c.objc; path = NativeDemoViewController.m; sourceTree = "<group>"; };
		F8D10DDC1A8B8585000BCA7E /* Base */ = {isa = PBXFileReference; lastKnownFileType = file.storyboard; name = Base; path = Base.lproj/Main.storyboard; sourceTree = "<group>"; };
		F8D10DDE1A8B8585000BCA7E /* Images.xcassets */ = {isa = PBXFileReference; lastKnownFileType = folder.assetcatalog; path = Images.xcassets; sourceTree = "<group>"; };
		F8D10DE11A8B8585000BCA7E /* Base */ = {isa = PBXFileReference; lastKnownFileType = file.xib; name = Base; path = Base.lproj/LaunchScreen.xib; sourceTree = "<group>"; };
		F8D10DF81A8B8885000BCA7E /* OpenWebRTCVideoView.h */ = {isa = PBXFileReference; fileEncoding = 4; lastKnownFileType = sourcecode.c.h; name = OpenWebRTCVideoView.h; path = ../../OwrHelpers/OpenWebRTCVideoView.h; sourceTree = "<group>"; };
		F8D10DF91A8B8885000BCA7E /* OpenWebRTCVideoView.m */ = {isa = PBXFileReference; fileEncoding = 4; lastKnownFileType = sourcecode.c.objc; name = OpenWebRTCVideoView.m; path = ../../OwrHelpers/OpenWebRTCVideoView.m; sourceTree = "<group>"; };
		F8D10E001A8BB21D000BCA7E /* libz.dylib */ = {isa = PBXFileReference; lastKnownFileType = "compiled.mach-o.dylib"; name = libz.dylib; path = usr/lib/libz.dylib; sourceTree = SDKROOT; };
		F8D10E021A8BB225000BCA7E /* libresolv.dylib */ = {isa = PBXFileReference; lastKnownFileType = "compiled.mach-o.dylib"; name = libresolv.dylib; path = usr/lib/libresolv.dylib; sourceTree = SDKROOT; };
		F8D10E041A8BB22F000BCA7E /* libiconv.dylib */ = {isa = PBXFileReference; lastKnownFileType = "compiled.mach-o.dylib"; name = libiconv.dylib; path = usr/lib/libiconv.dylib; sourceTree = SDKROOT; };
		F8D10E061A8BB23A000BCA7E /* libc++.dylib */ = {isa = PBXFileReference; lastKnownFileType = "compiled.mach-o.dylib"; name = "libc++.dylib"; path = "usr/lib/libc++.dylib"; sourceTree = SDKROOT; };
		F8D10E081A8BB24F000BCA7E /* GLKit.framework */ = {isa = PBXFileReference; lastKnownFileType = wrapper.framework; name = GLKit.framework; path = System/Library/Frameworks/GLKit.framework; sourceTree = SDKROOT; };
		F8D10E0A1A8BB257000BCA7E /* CoreMedia.framework */ = {isa = PBXFileReference; lastKnownFileType = wrapper.framework; name = CoreMedia.framework; path = System/Library/Frameworks/CoreMedia.framework; sourceTree = SDKROOT; };
		F8D10E0C1A8BB261000BCA7E /* AssetsLibrary.framework */ = {isa = PBXFileReference; lastKnownFileType = wrapper.framework; name = AssetsLibrary.framework; path = System/Library/Frameworks/AssetsLibrary.framework; sourceTree = SDKROOT; };
		F8D10E0E1A8BB267000BCA7E /* AudioToolbox.framework */ = {isa = PBXFileReference; lastKnownFileType = wrapper.framework; name = AudioToolbox.framework; path = System/Library/Frameworks/AudioToolbox.framework; sourceTree = SDKROOT; };
		F8D10E101A8BB26E000BCA7E /* AVFoundation.framework */ = {isa = PBXFileReference; lastKnownFileType = wrapper.framework; name = AVFoundation.framework; path = System/Library/Frameworks/AVFoundation.framework; sourceTree = SDKROOT; };
		F8D10E121A8BB276000BCA7E /* CoreAudio.framework */ = {isa = PBXFileReference; lastKnownFileType = wrapper.framework; name = CoreAudio.framework; path = System/Library/Frameworks/CoreAudio.framework; sourceTree = SDKROOT; };
		F8D10E141A8BB27E000BCA7E /* CoreGraphics.framework */ = {isa = PBXFileReference; lastKnownFileType = wrapper.framework; name = CoreGraphics.framework; path = System/Library/Frameworks/CoreGraphics.framework; sourceTree = SDKROOT; };
		F8D10E161A8BB287000BCA7E /* CoreVideo.framework */ = {isa = PBXFileReference; lastKnownFileType = wrapper.framework; name = CoreVideo.framework; path = System/Library/Frameworks/CoreVideo.framework; sourceTree = SDKROOT; };
		F8D10E181A8BB290000BCA7E /* OpenGLES.framework */ = {isa = PBXFileReference; lastKnownFileType = wrapper.framework; name = OpenGLES.framework; path = System/Library/Frameworks/OpenGLES.framework; sourceTree = SDKROOT; };
		F8D10E1A1A8BB296000BCA7E /* QuartzCore.framework */ = {isa = PBXFileReference; lastKnownFileType = wrapper.framework; name = QuartzCore.framework; path = System/Library/Frameworks/QuartzCore.framework; sourceTree = SDKROOT; };
		F8D10E1C1A8BB29B000BCA7E /* VideoToolbox.framework */ = {isa = PBXFileReference; lastKnownFileType = wrapper.framework; name = VideoToolbox.framework; path = System/Library/Frameworks/VideoToolbox.framework; sourceTree = SDKROOT; };
		F8D114661A8C92F4000BCA7E /* PeerServerHandler.h */ = {isa = PBXFileReference; fileEncoding = 4; lastKnownFileType = sourcecode.c.h; path = PeerServerHandler.h; sourceTree = "<group>"; };
		F8D114671A8C92F4000BCA7E /* PeerServerHandler.m */ = {isa = PBXFileReference; fileEncoding = 4; lastKnownFileType = sourcecode.c.objc; path = PeerServerHandler.m; sourceTree = "<group>"; };
/* End PBXFileReference section */

/* Begin PBXFrameworksBuildPhase section */
		F8D10DCB1A8B8585000BCA7E /* Frameworks */ = {
			isa = PBXFrameworksBuildPhase;
			buildActionMask = 2147483647;
			files = (
				F8D10E1D1A8BB29B000BCA7E /* VideoToolbox.framework in Frameworks */,
				F8D10E1B1A8BB296000BCA7E /* QuartzCore.framework in Frameworks */,
				F8D10E191A8BB290000BCA7E /* OpenGLES.framework in Frameworks */,
				F8D10E171A8BB287000BCA7E /* CoreVideo.framework in Frameworks */,
				F8D10E151A8BB27E000BCA7E /* CoreGraphics.framework in Frameworks */,
				F8D10E131A8BB276000BCA7E /* CoreAudio.framework in Frameworks */,
				F8D10E111A8BB26E000BCA7E /* AVFoundation.framework in Frameworks */,
				F8D10E0F1A8BB267000BCA7E /* AudioToolbox.framework in Frameworks */,
				F8D10E0D1A8BB261000BCA7E /* AssetsLibrary.framework in Frameworks */,
				F8CE359A1A8F64250022C4BC /* OpenWebRTC.framework in Frameworks */,
				F8D10E0B1A8BB257000BCA7E /* CoreMedia.framework in Frameworks */,
				F8D10E091A8BB24F000BCA7E /* GLKit.framework in Frameworks */,
				F8D10E071A8BB23B000BCA7E /* libc++.dylib in Frameworks */,
				F8D10E051A8BB22F000BCA7E /* libiconv.dylib in Frameworks */,
				F8D10E031A8BB225000BCA7E /* libresolv.dylib in Frameworks */,
				F8D10E011A8BB21D000BCA7E /* libz.dylib in Frameworks */,
				BB5BE517CFB1888352F71A2E /* libPods-NativeDemo.a in Frameworks */,
			);
			runOnlyForDeploymentPostprocessing = 0;
		};
/* End PBXFrameworksBuildPhase section */

/* Begin PBXGroup section */
		D250A0D53B589F2535D34BE7 /* Pods */ = {
			isa = PBXGroup;
			children = (
				A2FDE7223506D0C2C58BED66 /* Pods-NativeDemo.debug.xcconfig */,
				F5AF3E7B3485044168CC87D8 /* Pods-NativeDemo.release.xcconfig */,
			);
			name = Pods;
			sourceTree = "<group>";
		};
		F8D10DC51A8B8585000BCA7E = {
			isa = PBXGroup;
			children = (
				F8D10DD01A8B8585000BCA7E /* NativeDemo */,
				F8D10DCF1A8B8585000BCA7E /* Products */,
				F8D10DFF1A8BAB39000BCA7E /* Frameworks */,
				D250A0D53B589F2535D34BE7 /* Pods */,
			);
			sourceTree = "<group>";
		};
		F8D10DCF1A8B8585000BCA7E /* Products */ = {
			isa = PBXGroup;
			children = (
				F8D10DCE1A8B8585000BCA7E /* NativeDemo.app */,
			);
			name = Products;
			sourceTree = "<group>";
		};
		F8D10DD01A8B8585000BCA7E /* NativeDemo */ = {
			isa = PBXGroup;
			children = (
				F8D10DF71A8B8868000BCA7E /* OpenWebRTC */,
				F8D10DD51A8B8585000BCA7E /* NativeDemoAppDelegate.h */,
				F8D10DD61A8B8585000BCA7E /* NativeDemoAppDelegate.m */,
				F8D10DD81A8B8585000BCA7E /* NativeDemoViewController.h */,
				F8D10DD91A8B8585000BCA7E /* NativeDemoViewController.m */,
				F8D114661A8C92F4000BCA7E /* PeerServerHandler.h */,
				F8D114671A8C92F4000BCA7E /* PeerServerHandler.m */,
				F8D10DDB1A8B8585000BCA7E /* Main.storyboard */,
				F8D10DDE1A8B8585000BCA7E /* Images.xcassets */,
				F8D10DE01A8B8585000BCA7E /* LaunchScreen.xib */,
				F8D10DD11A8B8585000BCA7E /* Supporting Files */,
			);
			path = NativeDemo;
			sourceTree = "<group>";
		};
		F8D10DD11A8B8585000BCA7E /* Supporting Files */ = {
			isa = PBXGroup;
			children = (
				F8D10DD21A8B8585000BCA7E /* Info.plist */,
				F8D10DD31A8B8585000BCA7E /* main.m */,
			);
			name = "Supporting Files";
			sourceTree = "<group>";
		};
		F8D10DF71A8B8868000BCA7E /* OpenWebRTC */ = {
			isa = PBXGroup;
			children = (
				F8D10DF81A8B8885000BCA7E /* OpenWebRTCVideoView.h */,
				F8D10DF91A8B8885000BCA7E /* OpenWebRTCVideoView.m */,
				F8CE35961A8F502B0022C4BC /* OpenWebRTCNativeHandler.h */,
				F8CE35971A8F502B0022C4BC /* OpenWebRTCNativeHandler.m */,
			);
			name = OpenWebRTC;
			sourceTree = "<group>";
		};
		F8D10DFF1A8BAB39000BCA7E /* Frameworks */ = {
			isa = PBXGroup;
			children = (
				F8CE35991A8F64250022C4BC /* OpenWebRTC.framework */,
				F8D10E1C1A8BB29B000BCA7E /* VideoToolbox.framework */,
				F8D10E1A1A8BB296000BCA7E /* QuartzCore.framework */,
				F8D10E181A8BB290000BCA7E /* OpenGLES.framework */,
				F8D10E161A8BB287000BCA7E /* CoreVideo.framework */,
				F8D10E141A8BB27E000BCA7E /* CoreGraphics.framework */,
				F8D10E121A8BB276000BCA7E /* CoreAudio.framework */,
				F8D10E101A8BB26E000BCA7E /* AVFoundation.framework */,
				F8D10E0E1A8BB267000BCA7E /* AudioToolbox.framework */,
				F8D10E0C1A8BB261000BCA7E /* AssetsLibrary.framework */,
				F8D10E0A1A8BB257000BCA7E /* CoreMedia.framework */,
				F8D10E081A8BB24F000BCA7E /* GLKit.framework */,
				F8D10E061A8BB23A000BCA7E /* libc++.dylib */,
				F8D10E041A8BB22F000BCA7E /* libiconv.dylib */,
				F8D10E021A8BB225000BCA7E /* libresolv.dylib */,
				F8D10E001A8BB21D000BCA7E /* libz.dylib */,
				03DEC75C0F284C35831C02F1 /* libPods-NativeDemo.a */,
			);
			name = Frameworks;
			sourceTree = "<group>";
		};
/* End PBXGroup section */

/* Begin PBXNativeTarget section */
		F8D10DCD1A8B8585000BCA7E /* NativeDemo */ = {
			isa = PBXNativeTarget;
			buildConfigurationList = F8D10DF11A8B8585000BCA7E /* Build configuration list for PBXNativeTarget "NativeDemo" */;
			buildPhases = (
				D1B68F5B21047527235249D5 /* Check Pods Manifest.lock */,
				F8D10DCA1A8B8585000BCA7E /* Sources */,
				F8D10DCB1A8B8585000BCA7E /* Frameworks */,
				F8D10DCC1A8B8585000BCA7E /* Resources */,
				B76A9FE5E46385ED5013881B /* Copy Pods Resources */,
			);
			buildRules = (
			);
			dependencies = (
			);
			name = NativeDemo;
			productName = NativeDemo;
			productReference = F8D10DCE1A8B8585000BCA7E /* NativeDemo.app */;
			productType = "com.apple.product-type.application";
		};
/* End PBXNativeTarget section */

/* Begin PBXProject section */
		F8D10DC61A8B8585000BCA7E /* Project object */ = {
			isa = PBXProject;
			attributes = {
				LastUpgradeCheck = 0610;
				ORGANIZATIONNAME = "Ericsson Research";
				TargetAttributes = {
					F8D10DCD1A8B8585000BCA7E = {
						CreatedOnToolsVersion = 6.1.1;
					};
				};
			};
			buildConfigurationList = F8D10DC91A8B8585000BCA7E /* Build configuration list for PBXProject "NativeDemo" */;
			compatibilityVersion = "Xcode 3.2";
			developmentRegion = English;
			hasScannedForEncodings = 0;
			knownRegions = (
				en,
				Base,
			);
			mainGroup = F8D10DC51A8B8585000BCA7E;
			productRefGroup = F8D10DCF1A8B8585000BCA7E /* Products */;
			projectDirPath = "";
			projectRoot = "";
			targets = (
				F8D10DCD1A8B8585000BCA7E /* NativeDemo */,
			);
		};
/* End PBXProject section */

/* Begin PBXResourcesBuildPhase section */
		F8D10DCC1A8B8585000BCA7E /* Resources */ = {
			isa = PBXResourcesBuildPhase;
			buildActionMask = 2147483647;
			files = (
				F8D10DDD1A8B8585000BCA7E /* Main.storyboard in Resources */,
				F8D10DE21A8B8585000BCA7E /* LaunchScreen.xib in Resources */,
				F8D10DDF1A8B8585000BCA7E /* Images.xcassets in Resources */,
			);
			runOnlyForDeploymentPostprocessing = 0;
		};
/* End PBXResourcesBuildPhase section */

/* Begin PBXShellScriptBuildPhase section */
		B76A9FE5E46385ED5013881B /* Copy Pods Resources */ = {
			isa = PBXShellScriptBuildPhase;
			buildActionMask = 2147483647;
			files = (
			);
			inputPaths = (
			);
			name = "Copy Pods Resources";
			outputPaths = (
			);
			runOnlyForDeploymentPostprocessing = 0;
			shellPath = /bin/sh;
			shellScript = "\"${SRCROOT}/Pods/Target Support Files/Pods-NativeDemo/Pods-NativeDemo-resources.sh\"\n";
			showEnvVarsInLog = 0;
		};
		D1B68F5B21047527235249D5 /* Check Pods Manifest.lock */ = {
			isa = PBXShellScriptBuildPhase;
			buildActionMask = 2147483647;
			files = (
			);
			inputPaths = (
			);
			name = "Check Pods Manifest.lock";
			outputPaths = (
			);
			runOnlyForDeploymentPostprocessing = 0;
			shellPath = /bin/sh;
			shellScript = "diff \"${PODS_ROOT}/../Podfile.lock\" \"${PODS_ROOT}/Manifest.lock\" > /dev/null\nif [[ $? != 0 ]] ; then\n    cat << EOM\nerror: The sandbox is not in sync with the Podfile.lock. Run 'pod install' or update your CocoaPods installation.\nEOM\n    exit 1\nfi\n";
			showEnvVarsInLog = 0;
		};
/* End PBXShellScriptBuildPhase section */

/* Begin PBXSourcesBuildPhase section */
		F8D10DCA1A8B8585000BCA7E /* Sources */ = {
			isa = PBXSourcesBuildPhase;
			buildActionMask = 2147483647;
			files = (
				F8D10DDA1A8B8585000BCA7E /* NativeDemoViewController.m in Sources */,
				F8CE35981A8F502B0022C4BC /* OpenWebRTCNativeHandler.m in Sources */,
				F8D10DD71A8B8585000BCA7E /* NativeDemoAppDelegate.m in Sources */,
				F8D10DD41A8B8585000BCA7E /* main.m in Sources */,
				F8D10DFA1A8B8885000BCA7E /* OpenWebRTCVideoView.m in Sources */,
				F8D114681A8C92F4000BCA7E /* PeerServerHandler.m in Sources */,
			);
			runOnlyForDeploymentPostprocessing = 0;
		};
/* End PBXSourcesBuildPhase section */

/* Begin PBXVariantGroup section */
		F8D10DDB1A8B8585000BCA7E /* Main.storyboard */ = {
			isa = PBXVariantGroup;
			children = (
				F8D10DDC1A8B8585000BCA7E /* Base */,
			);
			name = Main.storyboard;
			sourceTree = "<group>";
		};
		F8D10DE01A8B8585000BCA7E /* LaunchScreen.xib */ = {
			isa = PBXVariantGroup;
			children = (
				F8D10DE11A8B8585000BCA7E /* Base */,
			);
			name = LaunchScreen.xib;
			sourceTree = "<group>";
		};
/* End PBXVariantGroup section */

/* Begin XCBuildConfiguration section */
		F8D10DEF1A8B8585000BCA7E /* Debug */ = {
			isa = XCBuildConfiguration;
			buildSettings = {
				ALWAYS_SEARCH_USER_PATHS = NO;
				CLANG_CXX_LANGUAGE_STANDARD = "gnu++0x";
				CLANG_CXX_LIBRARY = "libc++";
				CLANG_ENABLE_MODULES = YES;
				CLANG_ENABLE_OBJC_ARC = YES;
				CLANG_WARN_BOOL_CONVERSION = YES;
				CLANG_WARN_CONSTANT_CONVERSION = YES;
				CLANG_WARN_DIRECT_OBJC_ISA_USAGE = YES_ERROR;
				CLANG_WARN_EMPTY_BODY = YES;
				CLANG_WARN_ENUM_CONVERSION = YES;
				CLANG_WARN_INT_CONVERSION = YES;
				CLANG_WARN_OBJC_ROOT_CLASS = YES_ERROR;
				CLANG_WARN_UNREACHABLE_CODE = YES;
				CLANG_WARN__DUPLICATE_METHOD_MATCH = YES;
				"CODE_SIGN_IDENTITY[sdk=iphoneos*]" = "iPhone Developer";
				COPY_PHASE_STRIP = NO;
				ENABLE_STRICT_OBJC_MSGSEND = YES;
				GCC_C_LANGUAGE_STANDARD = gnu99;
				GCC_DYNAMIC_NO_PIC = NO;
				GCC_OPTIMIZATION_LEVEL = 0;
				GCC_PREPROCESSOR_DEFINITIONS = (
					"DEBUG=1",
					"$(inherited)",
				);
				GCC_SYMBOLS_PRIVATE_EXTERN = NO;
				GCC_WARN_64_TO_32_BIT_CONVERSION = YES;
				GCC_WARN_ABOUT_RETURN_TYPE = YES_ERROR;
				GCC_WARN_UNDECLARED_SELECTOR = YES;
				GCC_WARN_UNINITIALIZED_AUTOS = YES_AGGRESSIVE;
				GCC_WARN_UNUSED_FUNCTION = YES;
				GCC_WARN_UNUSED_VARIABLE = YES;
				IPHONEOS_DEPLOYMENT_TARGET = 8.1;
				MTL_ENABLE_DEBUG_INFO = YES;
				ONLY_ACTIVE_ARCH = YES;
				SDKROOT = iphoneos;
				TARGETED_DEVICE_FAMILY = "1,2";
			};
			name = Debug;
		};
		F8D10DF01A8B8585000BCA7E /* Release */ = {
			isa = XCBuildConfiguration;
			buildSettings = {
				ALWAYS_SEARCH_USER_PATHS = NO;
				CLANG_CXX_LANGUAGE_STANDARD = "gnu++0x";
				CLANG_CXX_LIBRARY = "libc++";
				CLANG_ENABLE_MODULES = YES;
				CLANG_ENABLE_OBJC_ARC = YES;
				CLANG_WARN_BOOL_CONVERSION = YES;
				CLANG_WARN_CONSTANT_CONVERSION = YES;
				CLANG_WARN_DIRECT_OBJC_ISA_USAGE = YES_ERROR;
				CLANG_WARN_EMPTY_BODY = YES;
				CLANG_WARN_ENUM_CONVERSION = YES;
				CLANG_WARN_INT_CONVERSION = YES;
				CLANG_WARN_OBJC_ROOT_CLASS = YES_ERROR;
				CLANG_WARN_UNREACHABLE_CODE = YES;
				CLANG_WARN__DUPLICATE_METHOD_MATCH = YES;
				"CODE_SIGN_IDENTITY[sdk=iphoneos*]" = "iPhone Developer";
				COPY_PHASE_STRIP = YES;
				ENABLE_NS_ASSERTIONS = NO;
				ENABLE_STRICT_OBJC_MSGSEND = YES;
				GCC_C_LANGUAGE_STANDARD = gnu99;
				GCC_WARN_64_TO_32_BIT_CONVERSION = YES;
				GCC_WARN_ABOUT_RETURN_TYPE = YES_ERROR;
				GCC_WARN_UNDECLARED_SELECTOR = YES;
				GCC_WARN_UNINITIALIZED_AUTOS = YES_AGGRESSIVE;
				GCC_WARN_UNUSED_FUNCTION = YES;
				GCC_WARN_UNUSED_VARIABLE = YES;
				IPHONEOS_DEPLOYMENT_TARGET = 8.1;
				MTL_ENABLE_DEBUG_INFO = NO;
				SDKROOT = iphoneos;
				TARGETED_DEVICE_FAMILY = "1,2";
				VALIDATE_PRODUCT = YES;
			};
			name = Release;
		};
		F8D10DF21A8B8585000BCA7E /* Debug */ = {
			isa = XCBuildConfiguration;
			baseConfigurationReference = A2FDE7223506D0C2C58BED66 /* Pods-NativeDemo.debug.xcconfig */;
			buildSettings = {
				ARCHS = "$(ARCHS_STANDARD_32_BIT)";
				ASSETCATALOG_COMPILER_APPICON_NAME = AppIcon;
				FRAMEWORK_SEARCH_PATHS = (
					"$(inherited)",
					"$(LOCAL_LIBRARY_DIR)/Frameworks",
					"$(USER_LIBRARY_DIR)/Developer/OpenWebRTC/iPhone.sdk",
				);
				HEADER_SEARCH_PATHS = (
					"$(inherited)",
					"~/Library/Developer/OpenWebRTC/iPhone.sdk/OpenWebRTC.framework/Headers/**",
					/Applications/Xcode.app/Contents/Developer/Toolchains/XcodeDefault.xctoolchain/usr/include,
				);
				INFOPLIST_FILE = NativeDemo/Info.plist;
				LD_RUNPATH_SEARCH_PATHS = "$(inherited) @executable_path/Frameworks";
				LIBRARY_SEARCH_PATHS = "$(inherited)";
				PRODUCT_NAME = "$(TARGET_NAME)";
				VALID_ARCHS = armv7;
			};
			name = Debug;
		};
		F8D10DF31A8B8585000BCA7E /* Release */ = {
			isa = XCBuildConfiguration;
			baseConfigurationReference = F5AF3E7B3485044168CC87D8 /* Pods-NativeDemo.release.xcconfig */;
			buildSettings = {
				ARCHS = "$(ARCHS_STANDARD_32_BIT)";
				ASSETCATALOG_COMPILER_APPICON_NAME = AppIcon;
				FRAMEWORK_SEARCH_PATHS = (
					"$(inherited)",
					"$(LOCAL_LIBRARY_DIR)/Frameworks",
					"$(USER_LIBRARY_DIR)/Developer/OpenWebRTC/iPhone.sdk",
				);
				HEADER_SEARCH_PATHS = (
					"$(inherited)",
					"~/Library/Developer/OpenWebRTC/iPhone.sdk/OpenWebRTC.framework/Headers/**",
					/Applications/Xcode.app/Contents/Developer/Toolchains/XcodeDefault.xctoolchain/usr/include,
				);
				INFOPLIST_FILE = NativeDemo/Info.plist;
				LD_RUNPATH_SEARCH_PATHS = "$(inherited) @executable_path/Frameworks";
				LIBRARY_SEARCH_PATHS = "$(inherited)";
				PRODUCT_NAME = "$(TARGET_NAME)";
				VALID_ARCHS = armv7;
			};
			name = Release;
		};
/* End XCBuildConfiguration section */

/* Begin XCConfigurationList section */
		F8D10DC91A8B8585000BCA7E /* Build configuration list for PBXProject "NativeDemo" */ = {
			isa = XCConfigurationList;
			buildConfigurations = (
				F8D10DEF1A8B8585000BCA7E /* Debug */,
				F8D10DF01A8B8585000BCA7E /* Release */,
			);
			defaultConfigurationIsVisible = 0;
			defaultConfigurationName = Release;
		};
		F8D10DF11A8B8585000BCA7E /* Build configuration list for PBXNativeTarget "NativeDemo" */ = {
			isa = XCConfigurationList;
			buildConfigurations = (
				F8D10DF21A8B8585000BCA7E /* Debug */,
				F8D10DF31A8B8585000BCA7E /* Release */,
			);
			defaultConfigurationIsVisible = 0;
			defaultConfigurationName = Release;
		};
/* End XCConfigurationList section */
	};
	rootObject = F8D10DC61A8B8585000BCA7E /* Project object */;
}
